{
  "name": "fft-thread-worker",
  "version": "1.0.0",
  "lockfileVersion": 1,
  "requires": true,
  "dependencies": {
    "eventemitter3": {
      "version": "2.0.3",
      "resolved": "https://registry.npmjs.org/eventemitter3/-/eventemitter3-2.0.3.tgz",
      "integrity": "sha1-teEHm1n7XhuidxwKmTvgYKWMmbo="
    },
    "native-promise-only": {
      "version": "0.8.1",
      "resolved": "https://registry.npmjs.org/native-promise-only/-/native-promise-only-0.8.1.tgz",
      "integrity": "sha1-IKMYwwy0X3H+et+/eyHJnBRy7xE="
    },
    "threads": {
      "version": "0.12.0",
      "resolved": "https://registry.npmjs.org/threads/-/threads-0.12.0.tgz",
      "integrity": "sha512-4B7hd61lDsVW1Z/+FAVX7D9QbiQYUbtGMHVkkwWT/nKPKas8u4FEc+Rg8E8h2erhNTQGNqNJ0TsholmhpKNPRg==",
      "requires": {
        "eventemitter3": "2.0.3",
        "native-promise-only": "0.8.1"
      }
    }
  }
}
